
Microsoft Visual Studio Solution File, Format Version 12.00
# Visual Studio Version 16
VisualStudioVersion = 16.0.29326.143
MinimumVisualStudioVersion = 10.0.40219.1
Project("{FAE04EC0-301F-11D3-BF4B-00C04F79EFBC}") = "NewTest", "NewTest\NewTest.csproj", "{E38A1CC2-7E6F-4E03-A30E-6A39299E891E}"
EndProject
Global
	GlobalSection(SolutionConfigurationPlatforms) = preSolution
		Debug|Any CPU = Debug|Any CPU
		Release|Any CPU = Release|Any CPU
	EndGlobalSection
	GlobalSection(ProjectConfigurationPlatforms) = postSolution
		{E38A1CC2-7E6F-4E03-A30E-6A39299E891E}.Debug|Any CPU.ActiveCfg = Debug|Any CPU
		{E38A1CC2-7E6F-4E03-A30E-6A39299E891E}.Debug|Any CPU.Build.0 = Debug|Any CPU
		{E38A1CC2-7E6F-4E03-A30E-6A39299E891E}.Release|Any CPU.ActiveCfg = Release|Any CPU
		{E38A1CC2-7E6F-4E03-A30E-6A39299E891E}.Release|Any CPU.Build.0 = Release|Any CPU
	EndGlobalSection
	GlobalSection(SolutionProperties) = preSolution
		HideSolutionNode = FALSE
	EndGlobalSection
	GlobalSection(ExtensibilityGlobals) = postSolution
		SolutionGuid = {14929B17-2D1E-4619-8A24-8BB115EF8E8E}
	EndGlobalSection
EndGlobal
